{
  "name": "vesper-strategies",
  "version": "5.0.0",
  "lockfileVersion": 2,
  "requires": true,
  "packages": {
    "": {
      "name": "vesper-strategies",
      "version": "5.0.0",
      "license": "MIT",
      "devDependencies": {
        "vesper-commons": "^1.0.0",
        "vesper-pools": "^5.0.1"
      }
    },
    "../vesper-commons": {
      "version": "1.0.0",
      "dev": true,
      "license": "MIT"
    },
    "../vesper-pools": {
      "version": "5.0.2",
      "dev": true,
      "license": "MIT",
      "devDependencies": {
        "vesper-commons": "^1.0.0"
      }
    },
    "../vesper-pools/node_modules/vesper-commons": {
      "resolved": "../vesper-commons",
      "link": true
    },
    "node_modules/vesper-commons": {
      "resolved": "../vesper-commons",
      "link": true
    },
    "node_modules/vesper-pools": {
      "resolved": "../vesper-pools",
      "link": true
    }
  },
  "dependencies": {
    "vesper-commons": {
      "version": "file:../vesper-commons"
    },
    "vesper-pools": {
      "version": "file:../vesper-pools",
      "requires": {
        "vesper-commons": "^1.0.0"
      },
      "dependencies": {
        "vesper-commons": {
          "version": "file:../vesper-commons"
        }
      }
    }
  }
}
