{
  "name": "vesper-erc4626-wrapper",
  "version": "5.0.0",
  "lockfileVersion": 2,
  "requires": true,
  "packages": {
    "": {
      "name": "vesper-erc4626-wrapper",
      "version": "5.0.0",
      "license": "MIT",
      "devDependencies": {
        "@openzeppelin/contracts-upgradeable": "4.8.2"
      }
    },
    "node_modules/@openzeppelin/contracts-upgradeable": {
      "version": "4.8.2",
      "resolved": "https://registry.npmjs.org/@openzeppelin/contracts-upgradeable/-/contracts-upgradeable-4.8.2.tgz",
      "integrity": "sha512-zIggnBwemUmmt9IS73qxi+tumALxCY4QEs3zLCII78k0Gfse2hAOdAkuAeLUzvWUpneMUfFE5sGHzEUSTvn4Ag==",
      "dev": true
    }
  },
  "dependencies": {
    "@openzeppelin/contracts-upgradeable": {
      "version": "4.8.2",
      "resolved": "https://registry.npmjs.org/@openzeppelin/contracts-upgradeable/-/contracts-upgradeable-4.8.2.tgz",
      "integrity": "sha512-zIggnBwemUmmt9IS73qxi+tumALxCY4QEs3zLCII78k0Gfse2hAOdAkuAeLUzvWUpneMUfFE5sGHzEUSTvn4Ag==",
      "dev": true
    }
  }
}
